# @generated - this file is auto-generated by `mise lock` https://mise.jdx.dev/dev-tools/mise-lock.html

lockfile_version = 3

[[tools.binaryen]]
version = "133"
backend = "aqua:WebAssembly/binaryen"
specifiers = ["133"]

[tools.binaryen."platforms.linux-x64"]
checksum = "sha256:2dc9c7813f5375db93d96ead4b78222fcc3e2677bbb832297af4797782a37489"
url = "https://github.com/WebAssembly/binaryen/releases/download/version_133/binaryen-version_133-x86_64-linux.tar.gz"
url_api = "https://api.github.com/repos/WebAssembly/binaryen/releases/assets/580050094"

[tools.binaryen."platforms.macos-arm64"]
checksum = "sha256:ad66da82ac13f163e424b1643f16c6dfcccc98b5966296b43e52d3cab04f84a8"
url = "https://github.com/WebAssembly/binaryen/releases/download/version_133/binaryen-version_133-arm64-macos.tar.gz"
url_api = "https://api.github.com/repos/WebAssembly/binaryen/releases/assets/580039733"

[tools.binaryen."platforms.macos-x64"]
checksum = "sha256:13a9b90be775c6389ce3d1f879cb8627bea56708ba8c122983941d53a8199b95"
url = "https://github.com/WebAssembly/binaryen/releases/download/version_133/binaryen-version_133-x86_64-macos.tar.gz"
url_api = "https://api.github.com/repos/WebAssembly/binaryen/releases/assets/580039734"

[[tools.codon]]
version = "0.20.1"
backend = "github:exaloop/codon"
specifiers = ["0.20.1"]

[tools.codon."platforms.linux-arm64"]
checksum = "sha256:2a301557e311756da665ff25c9d0c072d25536a6d760baf1a0b2dba2cf6f5703"
url = "https://github.com/exaloop/codon/releases/download/v0.20.1/codon-manylinux2014-aarch64.tar.gz"
url_api = "https://api.github.com/repos/exaloop/codon/releases/assets/556070165"

[tools.codon."platforms.linux-x64"]
checksum = "sha256:776d770153105a2e3d6ebb1e09189d5c9bb31bfc9b6a7adecda5919a83899f57"
url = "https://github.com/exaloop/codon/releases/download/v0.20.1/codon-manylinux2014-x86_64.tar.gz"
url_api = "https://api.github.com/repos/exaloop/codon/releases/assets/556104685"

[tools.codon."platforms.macos-arm64"]
checksum = "sha256:bc254a0e40b9afbda1bee00b5df9e0d186f63a28e506eaf056246c57e17e6dcc"
url = "https://github.com/exaloop/codon/releases/download/v0.20.1/codon-darwin-arm64.tar.gz"
url_api = "https://api.github.com/repos/exaloop/codon/releases/assets/556055864"

[tools.codon."platforms.macos-x64"]
checksum = "sha256:c842d4db6694a3f53fba38a905d58a2f2824d4cda3e1a79eb00c34a23df330dc"
url = "https://github.com/exaloop/codon/releases/download/v0.20.1/codon-darwin-x86_64.tar.gz"
url_api = "https://api.github.com/repos/exaloop/codon/releases/assets/556125563"

[[tools.go]]
version = "1.27.1"
backend = "core:go"
specifiers = ["1.27.1"]

[tools.go."platforms.linux-arm64"]
checksum = "sha256:3450b45a3f9ee8568792736a5c5e70a1f2e9b36c35a8f74958c03e51d7d92bec"
url = "https://dl.google.com/go/go1.27.1.linux-arm64.tar.gz"

[tools.go."platforms.linux-x64"]
checksum = "sha256:63d339f0da5ab53635a56f2490a7984dfe12dfcff22ad749f63edaf590168445"
url = "https://dl.google.com/go/go1.27.1.linux-amd64.tar.gz"

[tools.go."platforms.macos-arm64"]
checksum = "sha256:ee215d57e0ec269c60cc9ceca68e6bda321ba9ee5afe24f4b0988703c2d87d12"
url = "https://dl.google.com/go/go1.27.1.darwin-arm64.tar.gz"

[tools.go."platforms.macos-x64"]
checksum = "sha256:8f8f52c6649542cf027bbc9b9c68d1ec042f9f34808a40413f0b8b3f66f3caa4"
url = "https://dl.google.com/go/go1.27.1.darwin-amd64.tar.gz"

[[tools.java]]
version = "temurin-25.0.4+101.0.LTS"
backend = "core:java"
specifiers = ["temurin-25"]

[tools.java."platforms.linux-arm64"]
checksum = "sha256:69df11a02cfa3ef7d7ca645e03edce6778ec090e100f6ae2b42097865730ac52"
url = "https://github.com/adoptium/temurin25-binaries/releases/download/jdk-25.0.4.1%2B1/OpenJDK25U-jdk_aarch64_linux_hotspot_25.0.4.1_1.tar.gz"

[tools.java."platforms.linux-x64"]
checksum = "sha256:dbb698396d478e7fa2b1e50f4103324b2a99b90569ee27c33f2261f9215cf41e"
url = "https://github.com/adoptium/temurin25-binaries/releases/download/jdk-25.0.4.1%2B1/OpenJDK25U-jdk_x64_linux_hotspot_25.0.4.1_1.tar.gz"

[tools.java."platforms.macos-arm64"]
checksum = "sha256:61979887f7506a24a57439ff99adb8b3a7fc89977d9cfe3b8984f58a981b7b9d"
url = "https://github.com/adoptium/temurin25-binaries/releases/download/jdk-25.0.4.1%2B1/OpenJDK25U-jdk_aarch64_mac_hotspot_25.0.4.1_1.tar.gz"

[tools.java."platforms.macos-x64"]
checksum = "sha256:e6229d9504f7922053ab31821b9e6bee8761daf7b026a3476d1a027563009880"
url = "https://github.com/adoptium/temurin25-binaries/releases/download/jdk-25.0.4.1%2B1/OpenJDK25U-jdk_x64_mac_hotspot_25.0.4.1_1.tar.gz"

[[tools.python]]
version = "3.14.8"
backend = "core:python"
specifiers = ["3.14.8"]

[tools.python."platforms.linux-arm64"]
checksum = "sha256:ece2bf3d4b47c80c2403c5f32fa51a9458abaee93c10def8acafb5f45163e77d"
url = "https://github.com/astral-sh/python-build-standalone/releases/download/20261003/cpython-3.14.8+20261003-aarch64-unknown-linux-gnu-install_only_stripped.tar.gz"
provenance = "github-attestations"

[tools.python."platforms.linux-x64"]
checksum = "sha256:d9ec7a6935ade8b671a57ebaf111083d7314eab8dae5071d167054dadd2b97d6"
url = "https://github.com/astral-sh/python-build-standalone/releases/download/20261003/cpython-3.14.8+20261003-x86_64-unknown-linux-gnu-install_only_stripped.tar.gz"
provenance = "github-attestations"

[tools.python."platforms.macos-arm64"]
checksum = "sha256:ed14e9042f36c0aa18383f5d9729bcbf17847e842666a793b5a5a5d8505c0ca1"
url = "https://github.com/astral-sh/python-build-standalone/releases/download/20261003/cpython-3.14.8+20261003-aarch64-apple-darwin-install_only_stripped.tar.gz"
provenance = "github-attestations"

[tools.python."platforms.macos-x64"]
checksum = "sha256:08310045a2611bad730d7c1a01e847a1ea729d9dcfe29110ca67cbdf3998bb54"
url = "https://github.com/astral-sh/python-build-standalone/releases/download/20261003/cpython-3.14.8+20261003-x86_64-apple-darwin-install_only_stripped.tar.gz"
provenance = "github-attestations"

[[tools.ruby]]
version = "4.0.7"
backend = "core:ruby"
specifiers = ["4.0.7"]

[tools.ruby.options]
compile = "false"
precompiled_url = "jdx/ruby"
ruby_build_repo = "https://github.com/rbenv/ruby-build.git"
ruby_install = "false"

[tools.ruby."platforms.linux-arm64"]
checksum = "sha256:ed4a403f5cd7eb5941cb96e52e4382eaa81660715e4ce7c9c5dbb4bf77fcde37"
url = "https://github.com/jdx/ruby/releases/download/4.0.7-2/ruby-4.0.7.arm64_linux.tar.gz"
provenance = "github-attestations"

[tools.ruby."platforms.linux-x64"]
checksum = "sha256:659c4c80138145f3be439b3e4275b616cc87022e9488b823d708ab75a77558a9"
url = "https://github.com/jdx/ruby/releases/download/4.0.7-2/ruby-4.0.7.x86_64_linux.tar.gz"
provenance = "github-attestations"

[tools.ruby."platforms.macos-arm64"]
checksum = "sha256:6ad0acc5b0c437a2514679ff9a0f925e8b66ad4e96357e9ae2764b622f5d88d4"
url = "https://github.com/jdx/ruby/releases/download/4.0.7-2/ruby-4.0.7.macos.tar.gz"
provenance = "github-attestations"

[tools.ruby."platforms.macos-x64"]
checksum = "sha256:911ace20f90d068ca0e4dda6d0e4f0f81e52e52f2dd4f4004c721e253412e82d"
url = "https://cache.ruby-lang.org/pub/ruby/4.0/ruby-4.0.7.tar.gz"

[[tools.shellcheck]]
version = "0.11.0"
backend = "aqua:koalaman/shellcheck"
specifiers = ["0.11.0"]

[tools.shellcheck."platforms.linux-arm64"]
checksum = "sha256:12b331c1d2db6b9eb13cfca64306b1b157a86eb69db83023e261eaa7e7c14588"
url = "https://github.com/koalaman/shellcheck/releases/download/v0.11.0/shellcheck-v0.11.0.linux.aarch64.tar.xz"
url_api = "https://api.github.com/repos/koalaman/shellcheck/releases/assets/279056934"

[tools.shellcheck."platforms.linux-x64"]
checksum = "sha256:8c3be12b05d5c177a04c29e3c78ce89ac86f1595681cab149b65b97c4e227198"
url = "https://github.com/koalaman/shellcheck/releases/download/v0.11.0/shellcheck-v0.11.0.linux.x86_64.tar.xz"
url_api = "https://api.github.com/repos/koalaman/shellcheck/releases/assets/279056942"

[tools.shellcheck."platforms.macos-arm64"]
checksum = "sha256:56affdd8de5527894dca6dc3d7e0a99a873b0f004d7aabc30ae407d3f48b0a79"
url = "https://github.com/koalaman/shellcheck/releases/download/v0.11.0/shellcheck-v0.11.0.darwin.aarch64.tar.xz"
url_api = "https://api.github.com/repos/koalaman/shellcheck/releases/assets/279056932"

[tools.shellcheck."platforms.macos-x64"]
checksum = "sha256:3c89db4edcab7cf1c27bff178882e0f6f27f7afdf54e859fa041fca10febe4c6"
url = "https://github.com/koalaman/shellcheck/releases/download/v0.11.0/shellcheck-v0.11.0.darwin.x86_64.tar.xz"
url_api = "https://api.github.com/repos/koalaman/shellcheck/releases/assets/279056930"

[[tools.wasi-sdk]]
version = "34"
backend = "github:WebAssembly/wasi-sdk"
specifiers = ["34"]

[tools.wasi-sdk.options]
version_prefix = "wasi-sdk-"

[tools.wasi-sdk."platforms.linux-arm64"]
checksum = "sha256:f7e243dff54d60bcc576e94d6166b69f410f2500ae4a9ceef34315be10e77971"
url = "https://github.com/WebAssembly/wasi-sdk/releases/download/wasi-sdk-34/wasi-sdk-34.0-arm64-linux.tar.gz"
url_api = "https://api.github.com/repos/WebAssembly/wasi-sdk/releases/assets/528366381"

[tools.wasi-sdk."platforms.linux-x64"]
checksum = "sha256:b761e3a0721dbae9c09a0059e5fdb2bf917d1b4a8a7b430fb3b5aafb0984b2c4"
url = "https://github.com/WebAssembly/wasi-sdk/releases/download/wasi-sdk-34/wasi-sdk-34.0-x86_64-linux.tar.gz"
url_api = "https://api.github.com/repos/WebAssembly/wasi-sdk/releases/assets/528366474"

[tools.wasi-sdk."platforms.macos-arm64"]
checksum = "sha256:9c59398106b417f8f14913380fdf0097a8cc0ff4af9eb3ce0065a859e88d49e9"
url = "https://github.com/WebAssembly/wasi-sdk/releases/download/wasi-sdk-34/wasi-sdk-34.0-arm64-macos.tar.gz"
url_api = "https://api.github.com/repos/WebAssembly/wasi-sdk/releases/assets/528366387"

[tools.wasi-sdk."platforms.macos-x64"]
checksum = "sha256:87d27fa8adc68dee59bfbf2e22a6d34ef717c34d6bf1d8af2a56fc929d9ce0eb"
url = "https://github.com/WebAssembly/wasi-sdk/releases/download/wasi-sdk-34/wasi-sdk-34.0-x86_64-macos.tar.gz"
url_api = "https://api.github.com/repos/WebAssembly/wasi-sdk/releases/assets/528366482"

[[tools.wasi-vfs]]
version = "0.6.3"
backend = "github:kateinoigakukun/wasi-vfs"
specifiers = ["0.6.3"]

[tools.wasi-vfs."platforms.linux-arm64"]
checksum = "sha256:ef71666d26215121f7c49c1713ee029aa5ebe6ea41722013b41d488288cb0186"
url = "https://github.com/kateinoigakukun/wasi-vfs/releases/download/v0.6.3/wasi-vfs-cli-aarch64-unknown-linux-gnu.zip"
url_api = "https://api.github.com/repos/kateinoigakukun/wasi-vfs/releases/assets/394907770"

[tools.wasi-vfs."platforms.linux-x64"]
checksum = "sha256:c9ee8179f6f0882abc37024fbe0cd678311aa8a29083fa364915ed4d29a69485"
url = "https://github.com/kateinoigakukun/wasi-vfs/releases/download/v0.6.3/wasi-vfs-cli-x86_64-unknown-linux-gnu.zip"
url_api = "https://api.github.com/repos/kateinoigakukun/wasi-vfs/releases/assets/394907769"

[tools.wasi-vfs."platforms.macos-arm64"]
checksum = "sha256:d9ebf1cb77927b39c543dccb3fc35842b0f14ca8f70223de1daf2585896de3c1"
url = "https://github.com/kateinoigakukun/wasi-vfs/releases/download/v0.6.3/wasi-vfs-cli-aarch64-apple-darwin.zip"
url_api = "https://api.github.com/repos/kateinoigakukun/wasi-vfs/releases/assets/394907777"

[tools.wasi-vfs."platforms.macos-x64"]
checksum = "sha256:b3d86d63350ae48fda9b5877647cca4d9c1ff2f637db5e4eb40852aa5361c340"
url = "https://github.com/kateinoigakukun/wasi-vfs/releases/download/v0.6.3/wasi-vfs-cli-x86_64-apple-darwin.zip"
url_api = "https://api.github.com/repos/kateinoigakukun/wasi-vfs/releases/assets/394907751"
