# @generated - this file is auto-generated by `mise lock` https://mise.jdx.dev/dev-tools/mise-lock.html

lockfile_version = 3

[[tools.graalpy]]
version = "25.0.3"
backend = "github:oracle/graalpython"
specifiers = ["25.0.3"]

[tools.graalpy.options]
version_prefix = "graal-"

[tools.graalpy."platforms.linux-arm64"]
checksum = "sha256:f889a02425b0b55a0f070d63324f3d08e0975ea0b33aa69041c14418cf6cdeec"
url = "https://github.com/oracle/graalpython/releases/download/graal-25.0.3/graalpy-25.0.3-linux-aarch64.tar.gz"
url_api = "https://api.github.com/repos/oracle/graalpython/releases/assets/426333339"

[tools.graalpy."platforms.linux-x64"]
checksum = "sha256:c351b503d212519ad5e7e835fd9eb56b557ca9d5b6ef59e32b40435603f90bf8"
url = "https://github.com/oracle/graalpython/releases/download/graal-25.0.3/graalpy-25.0.3-linux-amd64.tar.gz"
url_api = "https://api.github.com/repos/oracle/graalpython/releases/assets/426333715"

[tools.graalpy."platforms.macos-arm64"]
checksum = "sha256:387d9f5b376860842bea4d55aae5820974f3f3b68fc36c77ae863a061a888857"
url = "https://github.com/oracle/graalpython/releases/download/graal-25.0.3/graalpy-25.0.3-macos-aarch64.tar.gz"
url_api = "https://api.github.com/repos/oracle/graalpython/releases/assets/426333195"

[[tools.jruby]]
version = "10.1.2.0"
backend = "github:jruby/jruby"
specifiers = ["10.1.2.0"]

[tools.jruby.options]
asset_pattern = "jruby-bin-*.zip"

[tools.jruby."platforms.linux-arm64"]
checksum = "sha256:dbc35ec9aa35d9ccc8354bae3ee16661a2dd747e52155b5413da021da715abed"
url = "https://github.com/jruby/jruby/releases/download/10.1.2.0/jruby-bin-10.1.2.0.zip"
url_api = "https://api.github.com/repos/jruby/jruby/releases/assets/600348717"

[tools.jruby."platforms.linux-x64"]
checksum = "sha256:dbc35ec9aa35d9ccc8354bae3ee16661a2dd747e52155b5413da021da715abed"
url = "https://github.com/jruby/jruby/releases/download/10.1.2.0/jruby-bin-10.1.2.0.zip"
url_api = "https://api.github.com/repos/jruby/jruby/releases/assets/600348717"

[tools.jruby."platforms.macos-arm64"]
checksum = "sha256:dbc35ec9aa35d9ccc8354bae3ee16661a2dd747e52155b5413da021da715abed"
url = "https://github.com/jruby/jruby/releases/download/10.1.2.0/jruby-bin-10.1.2.0.zip"
url_api = "https://api.github.com/repos/jruby/jruby/releases/assets/600348717"

[[tools.tinygo]]
version = "0.42.0"
backend = "aqua:tinygo-org/tinygo"
specifiers = ["0.42.0"]

[tools.tinygo."platforms.linux-arm64"]
checksum = "sha256:f2f3f863e63728b87772e7306bd6030df6e6c89773a7082eb0122113cf9e453d"
url = "https://github.com/tinygo-org/tinygo/releases/download/v0.42.0/tinygo0.42.0.linux-arm64.tar.gz"
url_api = "https://api.github.com/repos/tinygo-org/tinygo/releases/assets/539147845"

[tools.tinygo."platforms.linux-x64"]
checksum = "sha256:b87688fa2e19cee7d813cad7fd7dadb71dff3198e47125aba66ba4af5e490438"
url = "https://github.com/tinygo-org/tinygo/releases/download/v0.42.0/tinygo0.42.0.linux-amd64.tar.gz"
url_api = "https://api.github.com/repos/tinygo-org/tinygo/releases/assets/539147842"

[tools.tinygo."platforms.macos-arm64"]
checksum = "sha256:493da3585e66c5da677a4be39402faf2041b4e45a61eb456e4547eca753a544e"
url = "https://github.com/tinygo-org/tinygo/releases/download/v0.42.0/tinygo0.42.0.darwin-arm64.tar.gz"
url_api = "https://api.github.com/repos/tinygo-org/tinygo/releases/assets/539147844"

[[tools.wabt]]
version = "1.0.42"
backend = "github:WebAssembly/wabt"
specifiers = ["1.0.42"]

[tools.wabt."platforms.linux-arm64"]
checksum = "sha256:a7632c1cc66f70886441842ecf5a2ffa91a98c79e026059458451234ad013ea8"
url = "https://github.com/WebAssembly/wabt/releases/download/1.0.42/wabt-1.0.42-linux-arm64.tar.gz"
url_api = "https://api.github.com/repos/WebAssembly/wabt/releases/assets/566466712"

[tools.wabt."platforms.linux-x64"]
checksum = "sha256:84895407a6bbb80e918f33b16b2fb2206021c150b6bc9ff6f761263a745ab131"
url = "https://github.com/WebAssembly/wabt/releases/download/1.0.42/wabt-1.0.42-linux-x64.tar.gz"
url_api = "https://api.github.com/repos/WebAssembly/wabt/releases/assets/566466696"

[tools.wabt."platforms.macos-arm64"]
checksum = "sha256:3f654779b436c628db3ca4323c51538815f5fbc887a6d5f3bb1c18d36281e240"
url = "https://github.com/WebAssembly/wabt/releases/download/1.0.42/wabt-1.0.42-macos-arm64.tar.gz"
url_api = "https://api.github.com/repos/WebAssembly/wabt/releases/assets/566466522"

[[tools.wasmtime]]
version = "49.0.2"
backend = "aqua:bytecodealliance/wasmtime"
specifiers = ["49.0.2"]

[tools.wasmtime."platforms.linux-arm64"]
checksum = "sha256:ca14988c6da3d92512bd9c3bad6cbd06b1f5743b6911a9e709f1a6fa30637d7f"
url = "https://github.com/bytecodealliance/wasmtime/releases/download/v49.0.2/wasmtime-v49.0.2-aarch64-linux.tar.xz"
url_api = "https://api.github.com/repos/bytecodealliance/wasmtime/releases/assets/606056495"
provenance = "github-attestations"

[tools.wasmtime."platforms.linux-x64"]
checksum = "sha256:a4d6e9e3a5a60f527cf7793d674c48930c80c2e8977995b8a275cad3254b9322"
url = "https://github.com/bytecodealliance/wasmtime/releases/download/v49.0.2/wasmtime-v49.0.2-x86_64-linux.tar.xz"
url_api = "https://api.github.com/repos/bytecodealliance/wasmtime/releases/assets/606056679"
provenance = "github-attestations"

[tools.wasmtime."platforms.macos-arm64"]
checksum = "sha256:ea5a79261caa39819b863fd850879428cf90548353e1e5cf9bcbcc4e7addf2c1"
url = "https://github.com/bytecodealliance/wasmtime/releases/download/v49.0.2/wasmtime-v49.0.2-aarch64-macos.tar.xz"
url_api = "https://api.github.com/repos/bytecodealliance/wasmtime/releases/assets/606056519"
provenance = "github-attestations"
